
Microsoft Visual Studio Solution File, Format Version 12.00
# Visual Studio Version 16
VisualStudioVersion = 16.0.28803.202
MinimumVisualStudioVersion = 10.0.40219.1
Project("{FAE04EC0-301F-11D3-BF4B-00C04F79EFBC}") = "ContactManager", "ContactManager.csproj", "{9C2AF7BE-DEEA-4FA6-9BA0-4184E963DDF5}"
EndProject
Global
	GlobalSection(SolutionConfigurationPlatforms) = preSolution
		Debug|Any CPU = Debug|Any CPU
		Release|Any CPU = Release|Any CPU
	EndGlobalSection
	GlobalSection(ProjectConfigurationPlatforms) = postSolution
		{9C2AF7BE-DEEA-4FA6-9BA0-4184E963DDF5}.Debug|Any CPU.ActiveCfg = Debug|Any CPU
		{9C2AF7BE-DEEA-4FA6-9BA0-4184E963DDF5}.Debug|Any CPU.Build.0 = Debug|Any CPU
		{9C2AF7BE-DEEA-4FA6-9BA0-4184E963DDF5}.Release|Any CPU.ActiveCfg = Release|Any CPU
		{9C2AF7BE-DEEA-4FA6-9BA0-4184E963DDF5}.Release|Any CPU.Build.0 = Release|Any CPU
	EndGlobalSection
	GlobalSection(SolutionProperties) = preSolution
		HideSolutionNode = FALSE
	EndGlobalSection
	GlobalSection(ExtensibilityGlobals) = postSolution
		SolutionGuid = {BE04F11D-DFC8-4DA6-A253-5B3B859E3E3F}
	EndGlobalSection
EndGlobal
